# generated by rye
# use `rye lock` or `rye sync` to update this lockfile
#
# last locked with the following flags:
#   pre: false
#   features: []
#   all-features: false
#   with-sources: false
#   generate-hashes: false
#   universal: false

-e file:.
attrs==25.1.0
    # via jsonschema
    # via referencing
boto3==1.36.6
    # via fvctools
botocore==1.36.6
    # via boto3
    # via s3transfer
click==8.1.8
    # via fvctools
colorama==0.4.6
    # via click
gitdb==4.0.12
    # via gitpython
gitpython==3.1.44
    # via fvctools
jmespath==1.0.1
    # via boto3
    # via botocore
jsonschema==4.23.0
    # via fvctools
jsonschema-specifications==2024.10.1
    # via jsonschema
numpy==2.2.2
    # via scipy
pygeodesy==25.1.9
    # via fvctools
pygments==2.19.1
    # via fvctools
pynmea2==1.19.0
    # via fvctools
pyparsing==3.2.1
    # via fvctools
python-dateutil==2.9.0.post0
    # via botocore
    # via fvctools
referencing==0.36.2
    # via jsonschema
    # via jsonschema-specifications
rpds-py==0.22.3
    # via jsonschema
    # via referencing
s3transfer==0.11.2
    # via boto3
scipy==1.15.1
    # via fvctools
simplekml==1.3.6
    # via fvctools
six==1.17.0
    # via python-dateutil
smmap==5.0.2
    # via gitdb
toolz==1.0.0
    # via fvctools
typing-extensions==4.12.2
    # via referencing
urllib3==2.3.0
    # via botocore
